
Microsoft Visual Studio Solution File, Format Version 12.00
# Visual Studio 15
Project("{FAE04EC0-301F-11D3-BF4B-00C04F79EFBC}") = "Assembly-CSharp", "Assembly-CSharp.csproj", "{F4EDCD37-6A91-67C0-23DA-EF79C57E277D}"
EndProject
Global
	GlobalSection(SolutionConfigurationPlatforms) = preSolution
		Debug|Any CPU = Debug|Any CPU
		Release|Any CPU = Release|Any CPU
	EndGlobalSection
	GlobalSection(ProjectConfigurationPlatforms) = postSolution
		{F4EDCD37-6A91-67C0-23DA-EF79C57E277D}.Debug|Any CPU.ActiveCfg = Debug|Any CPU
		{F4EDCD37-6A91-67C0-23DA-EF79C57E277D}.Debug|Any CPU.Build.0 = Debug|Any CPU
		{F4EDCD37-6A91-67C0-23DA-EF79C57E277D}.Release|Any CPU.ActiveCfg = Release|Any CPU
		{F4EDCD37-6A91-67C0-23DA-EF79C57E277D}.Release|Any CPU.Build.0 = Release|Any CPU
	EndGlobalSection
	GlobalSection(SolutionProperties) = preSolution
		HideSolutionNode = FALSE
	EndGlobalSection
EndGlobal
